
Microsoft Visual Studio Solution File, Format Version 12.00
# Visual Studio Version 16
VisualStudioVersion = 16.0.32126.315
MinimumVisualStudioVersion = 10.0.40219.1
Project("{FAE04EC0-301F-11D3-BF4B-00C04F79EFBC}") = "Task3", "Task3\Task3.csproj", "{EBEBF5C3-A602-4D0B-8AE8-E66AC1F7D338}"
EndProject
Global
	GlobalSection(SolutionConfigurationPlatforms) = preSolution
		Debug|Any CPU = Debug|Any CPU
		Release|Any CPU = Release|Any CPU
	EndGlobalSection
	GlobalSection(ProjectConfigurationPlatforms) = postSolution
		{EBEBF5C3-A602-4D0B-8AE8-E66AC1F7D338}.Debug|Any CPU.ActiveCfg = Debug|Any CPU
		{EBEBF5C3-A602-4D0B-8AE8-E66AC1F7D338}.Debug|Any CPU.Build.0 = Debug|Any CPU
		{EBEBF5C3-A602-4D0B-8AE8-E66AC1F7D338}.Release|Any CPU.ActiveCfg = Release|Any CPU
		{EBEBF5C3-A602-4D0B-8AE8-E66AC1F7D338}.Release|Any CPU.Build.0 = Release|Any CPU
	EndGlobalSection
	GlobalSection(SolutionProperties) = preSolution
		HideSolutionNode = FALSE
	EndGlobalSection
	GlobalSection(ExtensibilityGlobals) = postSolution
		SolutionGuid = {E4DD69B8-A153-4A62-8EDC-A5AF3BA850E9}
	EndGlobalSection
EndGlobal
